
Microsoft Visual Studio Solution File, Format Version 12.00
# Visual Studio 15
VisualStudioVersion = 15.0.28307.168
MinimumVisualStudioVersion = 10.0.40219.1
Project("{9A19103F-16F7-4668-BE54-9A1E7A4F7556}") = "BalticAmadeusTask", "BalticAmadeusTask\BalticAmadeusTask.csproj", "{19DD26F6-09CF-4474-B872-14F09DAE82B5}"
EndProject
Project("{9A19103F-16F7-4668-BE54-9A1E7A4F7556}") = "BalticAmadeusTask.Test", "BalticAmadeusTask.Test\BalticAmadeusTask.Test.csproj", "{F2869E9B-36B2-467C-969E-BB2796797E19}"
EndProject
Global
	GlobalSection(SolutionConfigurationPlatforms) = preSolution
		Debug|Any CPU = Debug|Any CPU
		Release|Any CPU = Release|Any CPU
	EndGlobalSection
	GlobalSection(ProjectConfigurationPlatforms) = postSolution
		{19DD26F6-09CF-4474-B872-14F09DAE82B5}.Debug|Any CPU.ActiveCfg = Debug|Any CPU
		{19DD26F6-09CF-4474-B872-14F09DAE82B5}.Debug|Any CPU.Build.0 = Debug|Any CPU
		{19DD26F6-09CF-4474-B872-14F09DAE82B5}.Release|Any CPU.ActiveCfg = Release|Any CPU
		{19DD26F6-09CF-4474-B872-14F09DAE82B5}.Release|Any CPU.Build.0 = Release|Any CPU
		{F2869E9B-36B2-467C-969E-BB2796797E19}.Debug|Any CPU.ActiveCfg = Debug|Any CPU
		{F2869E9B-36B2-467C-969E-BB2796797E19}.Debug|Any CPU.Build.0 = Debug|Any CPU
		{F2869E9B-36B2-467C-969E-BB2796797E19}.Release|Any CPU.ActiveCfg = Release|Any CPU
		{F2869E9B-36B2-467C-969E-BB2796797E19}.Release|Any CPU.Build.0 = Release|Any CPU
	EndGlobalSection
	GlobalSection(SolutionProperties) = preSolution
		HideSolutionNode = FALSE
	EndGlobalSection
	GlobalSection(ExtensibilityGlobals) = postSolution
		SolutionGuid = {A64F0743-DDFF-4A3B-9AA7-318A449DEAE6}
	EndGlobalSection
EndGlobal
